
Microsoft Visual Studio Solution File, Format Version 12.00
# Visual Studio Version 16
VisualStudioVersion = 16.0.30503.244
MinimumVisualStudioVersion = 10.0.40219.1
Project("{FAE04EC0-301F-11D3-BF4B-00C04F79EFBC}") = "EstructuraIF", "EstructuraIF.csproj", "{CB21D09A-13F7-4AAE-9B67-5CA3686038BF}"
EndProject
Global
	GlobalSection(SolutionConfigurationPlatforms) = preSolution
		Debug|Any CPU = Debug|Any CPU
		Release|Any CPU = Release|Any CPU
	EndGlobalSection
	GlobalSection(ProjectConfigurationPlatforms) = postSolution
		{CB21D09A-13F7-4AAE-9B67-5CA3686038BF}.Debug|Any CPU.ActiveCfg = Debug|Any CPU
		{CB21D09A-13F7-4AAE-9B67-5CA3686038BF}.Debug|Any CPU.Build.0 = Debug|Any CPU
		{CB21D09A-13F7-4AAE-9B67-5CA3686038BF}.Release|Any CPU.ActiveCfg = Release|Any CPU
		{CB21D09A-13F7-4AAE-9B67-5CA3686038BF}.Release|Any CPU.Build.0 = Release|Any CPU
	EndGlobalSection
	GlobalSection(SolutionProperties) = preSolution
		HideSolutionNode = FALSE
	EndGlobalSection
	GlobalSection(ExtensibilityGlobals) = postSolution
		SolutionGuid = {DC73BD5E-5593-4F0F-B41E-DEEA47EB3C2B}
	EndGlobalSection
EndGlobal
