
Microsoft Visual Studio Solution File, Format Version 12.00
# Visual Studio Version 16
VisualStudioVersion = 16.0.30503.244
MinimumVisualStudioVersion = 10.0.40219.1
Project("{FAE04EC0-301F-11D3-BF4B-00C04F79EFBC}") = "ExcepcionesParte3ConflictoVariasExecpciones", "ExcepcionesParte3ConflictoVariasExecpciones.csproj", "{71864A82-ECF1-4205-9883-23D719106FBC}"
EndProject
Global
	GlobalSection(SolutionConfigurationPlatforms) = preSolution
		Debug|Any CPU = Debug|Any CPU
		Release|Any CPU = Release|Any CPU
	EndGlobalSection
	GlobalSection(ProjectConfigurationPlatforms) = postSolution
		{71864A82-ECF1-4205-9883-23D719106FBC}.Debug|Any CPU.ActiveCfg = Debug|Any CPU
		{71864A82-ECF1-4205-9883-23D719106FBC}.Debug|Any CPU.Build.0 = Debug|Any CPU
		{71864A82-ECF1-4205-9883-23D719106FBC}.Release|Any CPU.ActiveCfg = Release|Any CPU
		{71864A82-ECF1-4205-9883-23D719106FBC}.Release|Any CPU.Build.0 = Release|Any CPU
	EndGlobalSection
	GlobalSection(SolutionProperties) = preSolution
		HideSolutionNode = FALSE
	EndGlobalSection
	GlobalSection(ExtensibilityGlobals) = postSolution
		SolutionGuid = {0E6BD99C-12CF-42B1-A855-49E65CBCF19C}
	EndGlobalSection
EndGlobal
